
Microsoft Visual Studio Solution File, Format Version 12.00
# Visual Studio Version 16
VisualStudioVersion = 16.0.30621.155
MinimumVisualStudioVersion = 10.0.40219.1
Project("{FAE04EC0-301F-11D3-BF4B-00C04F79EFBC}") = "work_with_cvs", "work_with_cvs.csproj", "{7354F123-A310-4416-BEB9-2DD10EC273AE}"
EndProject
Global
	GlobalSection(SolutionConfigurationPlatforms) = preSolution
		Debug|Any CPU = Debug|Any CPU
		Release|Any CPU = Release|Any CPU
	EndGlobalSection
	GlobalSection(ProjectConfigurationPlatforms) = postSolution
		{7354F123-A310-4416-BEB9-2DD10EC273AE}.Debug|Any CPU.ActiveCfg = Debug|Any CPU
		{7354F123-A310-4416-BEB9-2DD10EC273AE}.Debug|Any CPU.Build.0 = Debug|Any CPU
		{7354F123-A310-4416-BEB9-2DD10EC273AE}.Release|Any CPU.ActiveCfg = Release|Any CPU
		{7354F123-A310-4416-BEB9-2DD10EC273AE}.Release|Any CPU.Build.0 = Release|Any CPU
	EndGlobalSection
	GlobalSection(SolutionProperties) = preSolution
		HideSolutionNode = FALSE
	EndGlobalSection
	GlobalSection(ExtensibilityGlobals) = postSolution
		SolutionGuid = {4476953F-750F-4CDD-885A-321A0DA94497}
	EndGlobalSection
EndGlobal
